// !$*UTF8*$!
{
	archiveVersion = 1;
	classes = {
	};
	objectVersion = 50;
	objects = {

/* Begin PBXBuildFile section */
		94235E432225DE000083391E /* main.cpp in Sources */ = {isa = PBXBuildFile; fileRef = 94235E282225DDFF0083391E /* main.cpp */; };
		94235E442225DE000083391E /* box.cpp in Sources */ = {isa = PBXBuildFile; fileRef = 94235E292225DDFF0083391E /* box.cpp */; };
		94235E452225DE000083391E /* triangle.cpp in Sources */ = {isa = PBXBuildFile; fileRef = 94235E2B2225DDFF0083391E /* triangle.cpp */; };
		94235E462225DE000083391E /* image.cpp in Sources */ = {isa = PBXBuildFile; fileRef = 94235E2C2225DDFF0083391E /* image.cpp */; };
		94235E472225DE000083391E /* transformation.cpp in Sources */ = {isa = PBXBuildFile; fileRef = 94235E2D2225DDFF0083391E /* transformation.cpp */; };
		94235E482225DE000083391E /* triangles.cpp in Sources */ = {isa = PBXBuildFile; fileRef = 94235E2E2225DDFF0083391E /* triangles.cpp */; };
		94235E492225DE000083391E /* vertex.cpp in Sources */ = {isa = PBXBuildFile; fileRef = 94235E2F2225DDFF0083391E /* vertex.cpp */; };
		94235E4A2225DE000083391E /* material.cpp in Sources */ = {isa = PBXBuildFile; fileRef = 94235E332225DDFF0083391E /* material.cpp */; };
		94235E4B2225DE000083391E /* sphere.cpp in Sources */ = {isa = PBXBuildFile; fileRef = 94235E392225DE000083391E /* sphere.cpp */; };
		94235E4C2225DE000083391E /* camera.cpp in Sources */ = {isa = PBXBuildFile; fileRef = 94235E3A2225DE000083391E /* camera.cpp */; };
		94235E4D2225DE000083391E /* sceneObject.cpp in Sources */ = {isa = PBXBuildFile; fileRef = 94235E3C2225DE000083391E /* sceneObject.cpp */; };
		94235E4E2225DE000083391E /* light.cpp in Sources */ = {isa = PBXBuildFile; fileRef = 94235E3E2225DE000083391E /* light.cpp */; };
		94235E4F2225DE000083391E /* import_file.cpp in Sources */ = {isa = PBXBuildFile; fileRef = 94235E412225DE000083391E /* import_file.cpp */; };
/* End PBXBuildFile section */

/* Begin PBXCopyFilesBuildPhase section */
		94D152CB221D9024006DAECB /* CopyFiles */ = {
			isa = PBXCopyFilesBuildPhase;
			buildActionMask = 2147483647;
			dstPath = /usr/share/man/man1/;
			dstSubfolderSpec = 0;
			files = (
			);
			runOnlyForDeploymentPostprocessing = 1;
		};
/* End PBXCopyFilesBuildPhase section */

/* Begin PBXFileReference section */
		94235E272225DDFF0083391E /* box.hpp */ = {isa = PBXFileReference; fileEncoding = 4; lastKnownFileType = sourcecode.cpp.h; name = box.hpp; path = COSIG_GW1_1150434_1150625/box.hpp; sourceTree = SOURCE_ROOT; };
		94235E282225DDFF0083391E /* main.cpp */ = {isa = PBXFileReference; fileEncoding = 4; lastKnownFileType = sourcecode.cpp.cpp; name = main.cpp; path = COSIG_GW1_1150434_1150625/main.cpp; sourceTree = SOURCE_ROOT; };
		94235E292225DDFF0083391E /* box.cpp */ = {isa = PBXFileReference; fileEncoding = 4; lastKnownFileType = sourcecode.cpp.cpp; name = box.cpp; path = COSIG_GW1_1150434_1150625/box.cpp; sourceTree = SOURCE_ROOT; };
		94235E2A2225DDFF0083391E /* vec3.hpp */ = {isa = PBXFileReference; fileEncoding = 4; lastKnownFileType = sourcecode.cpp.h; name = vec3.hpp; path = COSIG_GW1_1150434_1150625/vec3.hpp; sourceTree = SOURCE_ROOT; };
		94235E2B2225DDFF0083391E /* triangle.cpp */ = {isa = PBXFileReference; fileEncoding = 4; lastKnownFileType = sourcecode.cpp.cpp; name = triangle.cpp; path = COSIG_GW1_1150434_1150625/triangle.cpp; sourceTree = SOURCE_ROOT; };
		94235E2C2225DDFF0083391E /* image.cpp */ = {isa = PBXFileReference; fileEncoding = 4; lastKnownFileType = sourcecode.cpp.cpp; name = image.cpp; path = COSIG_GW1_1150434_1150625/image.cpp; sourceTree = SOURCE_ROOT; };
		94235E2D2225DDFF0083391E /* transformation.cpp */ = {isa = PBXFileReference; fileEncoding = 4; lastKnownFileType = sourcecode.cpp.cpp; name = transformation.cpp; path = COSIG_GW1_1150434_1150625/transformation.cpp; sourceTree = SOURCE_ROOT; };
		94235E2E2225DDFF0083391E /* triangles.cpp */ = {isa = PBXFileReference; fileEncoding = 4; lastKnownFileType = sourcecode.cpp.cpp; name = triangles.cpp; path = COSIG_GW1_1150434_1150625/triangles.cpp; sourceTree = SOURCE_ROOT; };
		94235E2F2225DDFF0083391E /* vertex.cpp */ = {isa = PBXFileReference; fileEncoding = 4; lastKnownFileType = sourcecode.cpp.cpp; name = vertex.cpp; path = COSIG_GW1_1150434_1150625/vertex.cpp; sourceTree = SOURCE_ROOT; };
		94235E302225DDFF0083391E /* camera.hpp */ = {isa = PBXFileReference; fileEncoding = 4; lastKnownFileType = sourcecode.cpp.h; name = camera.hpp; path = COSIG_GW1_1150434_1150625/camera.hpp; sourceTree = SOURCE_ROOT; };
		94235E312225DDFF0083391E /* ray.hpp */ = {isa = PBXFileReference; fileEncoding = 4; lastKnownFileType = sourcecode.cpp.h; name = ray.hpp; path = COSIG_GW1_1150434_1150625/ray.hpp; sourceTree = SOURCE_ROOT; };
		94235E322225DDFF0083391E /* transformation.hpp */ = {isa = PBXFileReference; fileEncoding = 4; lastKnownFileType = sourcecode.cpp.h; name = transformation.hpp; path = COSIG_GW1_1150434_1150625/transformation.hpp; sourceTree = SOURCE_ROOT; };
		94235E332225DDFF0083391E /* material.cpp */ = {isa = PBXFileReference; fileEncoding = 4; lastKnownFileType = sourcecode.cpp.cpp; name = material.cpp; path = COSIG_GW1_1150434_1150625/material.cpp; sourceTree = SOURCE_ROOT; };
		94235E342225DDFF0083391E /* triangle.hpp */ = {isa = PBXFileReference; fileEncoding = 4; lastKnownFileType = sourcecode.cpp.h; name = triangle.hpp; path = COSIG_GW1_1150434_1150625/triangle.hpp; sourceTree = SOURCE_ROOT; };
		94235E352225DDFF0083391E /* light.hpp */ = {isa = PBXFileReference; fileEncoding = 4; lastKnownFileType = sourcecode.cpp.h; name = light.hpp; path = COSIG_GW1_1150434_1150625/light.hpp; sourceTree = SOURCE_ROOT; };
		94235E362225DDFF0083391E /* image.hpp */ = {isa = PBXFileReference; fileEncoding = 4; lastKnownFileType = sourcecode.cpp.h; name = image.hpp; path = COSIG_GW1_1150434_1150625/image.hpp; sourceTree = SOURCE_ROOT; };
		94235E372225DE000083391E /* material.hpp */ = {isa = PBXFileReference; fileEncoding = 4; lastKnownFileType = sourcecode.cpp.h; name = material.hpp; path = COSIG_GW1_1150434_1150625/material.hpp; sourceTree = SOURCE_ROOT; };
		94235E382225DE000083391E /* sceneObject.hpp */ = {isa = PBXFileReference; fileEncoding = 4; lastKnownFileType = sourcecode.cpp.h; name = sceneObject.hpp; path = COSIG_GW1_1150434_1150625/sceneObject.hpp; sourceTree = SOURCE_ROOT; };
		94235E392225DE000083391E /* sphere.cpp */ = {isa = PBXFileReference; fileEncoding = 4; lastKnownFileType = sourcecode.cpp.cpp; name = sphere.cpp; path = COSIG_GW1_1150434_1150625/sphere.cpp; sourceTree = SOURCE_ROOT; };
		94235E3A2225DE000083391E /* camera.cpp */ = {isa = PBXFileReference; fileEncoding = 4; lastKnownFileType = sourcecode.cpp.cpp; name = camera.cpp; path = COSIG_GW1_1150434_1150625/camera.cpp; sourceTree = SOURCE_ROOT; };
		94235E3B2225DE000083391E /* import_file.hpp */ = {isa = PBXFileReference; fileEncoding = 4; lastKnownFileType = sourcecode.cpp.h; name = import_file.hpp; path = COSIG_GW1_1150434_1150625/import_file.hpp; sourceTree = SOURCE_ROOT; };
		94235E3C2225DE000083391E /* sceneObject.cpp */ = {isa = PBXFileReference; fileEncoding = 4; lastKnownFileType = sourcecode.cpp.cpp; name = sceneObject.cpp; path = COSIG_GW1_1150434_1150625/sceneObject.cpp; sourceTree = SOURCE_ROOT; };
		94235E3D2225DE000083391E /* sphere.hpp */ = {isa = PBXFileReference; fileEncoding = 4; lastKnownFileType = sourcecode.cpp.h; name = sphere.hpp; path = COSIG_GW1_1150434_1150625/sphere.hpp; sourceTree = SOURCE_ROOT; };
		94235E3E2225DE000083391E /* light.cpp */ = {isa = PBXFileReference; fileEncoding = 4; lastKnownFileType = sourcecode.cpp.cpp; name = light.cpp; path = COSIG_GW1_1150434_1150625/light.cpp; sourceTree = SOURCE_ROOT; };
		94235E3F2225DE000083391E /* triangles.hpp */ = {isa = PBXFileReference; fileEncoding = 4; lastKnownFileType = sourcecode.cpp.h; name = triangles.hpp; path = COSIG_GW1_1150434_1150625/triangles.hpp; sourceTree = SOURCE_ROOT; };
		94235E402225DE000083391E /* vertex.hpp */ = {isa = PBXFileReference; fileEncoding = 4; lastKnownFileType = sourcecode.cpp.h; name = vertex.hpp; path = COSIG_GW1_1150434_1150625/vertex.hpp; sourceTree = SOURCE_ROOT; };
		94235E412225DE000083391E /* import_file.cpp */ = {isa = PBXFileReference; fileEncoding = 4; lastKnownFileType = sourcecode.cpp.cpp; name = import_file.cpp; path = COSIG_GW1_1150434_1150625/import_file.cpp; sourceTree = SOURCE_ROOT; };
		94A88DA02234C37E00422B51 /* transformation_utils.hpp */ = {isa = PBXFileReference; lastKnownFileType = sourcecode.cpp.h; path = transformation_utils.hpp; sourceTree = "<group>"; };
		94D152CD221D9024006DAECB /* COSIG_GW1_1150434_1150625 */ = {isa = PBXFileReference; explicitFileType = "compiled.mach-o.executable"; includeInIndex = 0; path = COSIG_GW1_1150434_1150625; sourceTree = BUILT_PRODUCTS_DIR; };
		94D152DC221D93CE006DAECB /* test_scene.txt */ = {isa = PBXFileReference; lastKnownFileType = text; path = test_scene.txt; sourceTree = "<group>"; };
		94D152DD221D93CE006DAECB /* evaluation_scene.txt */ = {isa = PBXFileReference; lastKnownFileType = text; path = evaluation_scene.txt; sourceTree = "<group>"; };
/* End PBXFileReference section */

/* Begin PBXFrameworksBuildPhase section */
		94D152CA221D9024006DAECB /* Frameworks */ = {
			isa = PBXFrameworksBuildPhase;
			buildActionMask = 2147483647;
			files = (
			);
			runOnlyForDeploymentPostprocessing = 0;
		};
/* End PBXFrameworksBuildPhase section */

/* Begin PBXGroup section */
		94D152C4221D9024006DAECB = {
			isa = PBXGroup;
			children = (
				94D152CF221D9024006DAECB /* COSIG_GW1_1150434_1150625 */,
				94D152CE221D9024006DAECB /* Products */,
			);
			sourceTree = "<group>";
		};
		94D152CE221D9024006DAECB /* Products */ = {
			isa = PBXGroup;
			children = (
				94D152CD221D9024006DAECB /* COSIG_GW1_1150434_1150625 */,
			);
			name = Products;
			sourceTree = "<group>";
		};
		94D152CF221D9024006DAECB /* COSIG_GW1_1150434_1150625 */ = {
			isa = PBXGroup;
			children = (
				94235E292225DDFF0083391E /* box.cpp */,
				94235E272225DDFF0083391E /* box.hpp */,
				94235E3A2225DE000083391E /* camera.cpp */,
				94235E302225DDFF0083391E /* camera.hpp */,
				94235E2C2225DDFF0083391E /* image.cpp */,
				94235E362225DDFF0083391E /* image.hpp */,
				94235E412225DE000083391E /* import_file.cpp */,
				94235E3B2225DE000083391E /* import_file.hpp */,
				94235E3E2225DE000083391E /* light.cpp */,
				94235E352225DDFF0083391E /* light.hpp */,
				94A88DA02234C37E00422B51 /* transformation_utils.hpp */,
				94235E282225DDFF0083391E /* main.cpp */,
				94235E332225DDFF0083391E /* material.cpp */,
				94235E372225DE000083391E /* material.hpp */,
				94235E312225DDFF0083391E /* ray.hpp */,
				94235E3C2225DE000083391E /* sceneObject.cpp */,
				94235E382225DE000083391E /* sceneObject.hpp */,
				94235E392225DE000083391E /* sphere.cpp */,
				94235E3D2225DE000083391E /* sphere.hpp */,
				94235E2D2225DDFF0083391E /* transformation.cpp */,
				94235E322225DDFF0083391E /* transformation.hpp */,
				94235E2B2225DDFF0083391E /* triangle.cpp */,
				94235E342225DDFF0083391E /* triangle.hpp */,
				94235E2E2225DDFF0083391E /* triangles.cpp */,
				94235E3F2225DE000083391E /* triangles.hpp */,
				94235E2A2225DDFF0083391E /* vec3.hpp */,
				94235E2F2225DDFF0083391E /* vertex.cpp */,
				94235E402225DE000083391E /* vertex.hpp */,
				94D152D9221D92CC006DAECB /* resources */,
			);
			path = COSIG_GW1_1150434_1150625;
			sourceTree = "<group>";
		};
		94D152D9221D92CC006DAECB /* resources */ = {
			isa = PBXGroup;
			children = (
				94D152DD221D93CE006DAECB /* evaluation_scene.txt */,
				94D152DC221D93CE006DAECB /* test_scene.txt */,
			);
			path = resources;
			sourceTree = "<group>";
		};
/* End PBXGroup section */

/* Begin PBXNativeTarget section */
		94D152CC221D9024006DAECB /* COSIG_GW1_1150434_1150625 */ = {
			isa = PBXNativeTarget;
			buildConfigurationList = 94D152D4221D9024006DAECB /* Build configuration list for PBXNativeTarget "COSIG_GW1_1150434_1150625" */;
			buildPhases = (
				94D152C9221D9024006DAECB /* Sources */,
				94D152CA221D9024006DAECB /* Frameworks */,
				94D152CB221D9024006DAECB /* CopyFiles */,
			);
			buildRules = (
			);
			dependencies = (
			);
			name = COSIG_GW1_1150434_1150625;
			productName = COSIG_GW1_1150434_1150625;
			productReference = 94D152CD221D9024006DAECB /* COSIG_GW1_1150434_1150625 */;
			productType = "com.apple.product-type.tool";
		};
/* End PBXNativeTarget section */

/* Begin PBXProject section */
		94D152C5221D9024006DAECB /* Project object */ = {
			isa = PBXProject;
			attributes = {
				LastUpgradeCheck = 1010;
				ORGANIZATIONNAME = "Fábio Lourenço";
				TargetAttributes = {
					94D152CC221D9024006DAECB = {
						CreatedOnToolsVersion = 10.1;
					};
				};
			};
			buildConfigurationList = 94D152C8221D9024006DAECB /* Build configuration list for PBXProject "COSIG_GW1_1150434_1150625" */;
			compatibilityVersion = "Xcode 9.3";
			developmentRegion = en;
			hasScannedForEncodings = 0;
			knownRegions = (
				en,
			);
			mainGroup = 94D152C4221D9024006DAECB;
			productRefGroup = 94D152CE221D9024006DAECB /* Products */;
			projectDirPath = "";
			projectRoot = "";
			targets = (
				94D152CC221D9024006DAECB /* COSIG_GW1_1150434_1150625 */,
			);
		};
/* End PBXProject section */

/* Begin PBXSourcesBuildPhase section */
		94D152C9221D9024006DAECB /* Sources */ = {
			isa = PBXSourcesBuildPhase;
			buildActionMask = 2147483647;
			files = (
				94235E432225DE000083391E /* main.cpp in Sources */,
				94235E482225DE000083391E /* triangles.cpp in Sources */,
				94235E4E2225DE000083391E /* light.cpp in Sources */,
				94235E462225DE000083391E /* image.cpp in Sources */,
				94235E4B2225DE000083391E /* sphere.cpp in Sources */,
				94235E4C2225DE000083391E /* camera.cpp in Sources */,
				94235E4D2225DE000083391E /* sceneObject.cpp in Sources */,
				94235E452225DE000083391E /* triangle.cpp in Sources */,
				94235E4A2225DE000083391E /* material.cpp in Sources */,
				94235E4F2225DE000083391E /* import_file.cpp in Sources */,
				94235E442225DE000083391E /* box.cpp in Sources */,
				94235E492225DE000083391E /* vertex.cpp in Sources */,
				94235E472225DE000083391E /* transformation.cpp in Sources */,
			);
			runOnlyForDeploymentPostprocessing = 0;
		};
/* End PBXSourcesBuildPhase section */

/* Begin XCBuildConfiguration section */
		94D152D2221D9024006DAECB /* Debug */ = {
			isa = XCBuildConfiguration;
			buildSettings = {
				ALWAYS_SEARCH_USER_PATHS = NO;
				CLANG_ANALYZER_NONNULL = YES;
				CLANG_ANALYZER_NUMBER_OBJECT_CONVERSION = YES_AGGRESSIVE;
				CLANG_CXX_LANGUAGE_STANDARD = "gnu++14";
				CLANG_CXX_LIBRARY = "libc++";
				CLANG_ENABLE_MODULES = YES;
				CLANG_ENABLE_OBJC_ARC = YES;
				CLANG_ENABLE_OBJC_WEAK = YES;
				CLANG_WARN_BLOCK_CAPTURE_AUTORELEASING = YES;
				CLANG_WARN_BOOL_CONVERSION = YES;
				CLANG_WARN_COMMA = YES;
				CLANG_WARN_CONSTANT_CONVERSION = YES;
				CLANG_WARN_DEPRECATED_OBJC_IMPLEMENTATIONS = YES;
				CLANG_WARN_DIRECT_OBJC_ISA_USAGE = YES_ERROR;
				CLANG_WARN_DOCUMENTATION_COMMENTS = YES;
				CLANG_WARN_EMPTY_BODY = YES;
				CLANG_WARN_ENUM_CONVERSION = YES;
				CLANG_WARN_INFINITE_RECURSION = YES;
				CLANG_WARN_INT_CONVERSION = YES;
				CLANG_WARN_NON_LITERAL_NULL_CONVERSION = YES;
				CLANG_WARN_OBJC_IMPLICIT_RETAIN_SELF = YES;
				CLANG_WARN_OBJC_LITERAL_CONVERSION = YES;
				CLANG_WARN_OBJC_ROOT_CLASS = YES_ERROR;
				CLANG_WARN_RANGE_LOOP_ANALYSIS = YES;
				CLANG_WARN_STRICT_PROTOTYPES = YES;
				CLANG_WARN_SUSPICIOUS_MOVE = YES;
				CLANG_WARN_UNGUARDED_AVAILABILITY = YES_AGGRESSIVE;
				CLANG_WARN_UNREACHABLE_CODE = YES;
				CLANG_WARN__DUPLICATE_METHOD_MATCH = YES;
				CODE_SIGN_IDENTITY = "-";
				COPY_PHASE_STRIP = NO;
				DEBUG_INFORMATION_FORMAT = dwarf;
				ENABLE_STRICT_OBJC_MSGSEND = YES;
				ENABLE_TESTABILITY = YES;
				GCC_C_LANGUAGE_STANDARD = gnu11;
				GCC_DYNAMIC_NO_PIC = NO;
				GCC_NO_COMMON_BLOCKS = YES;
				GCC_OPTIMIZATION_LEVEL = 0;
				GCC_PREPROCESSOR_DEFINITIONS = (
					"DEBUG=1",
					"$(inherited)",
				);
				GCC_WARN_64_TO_32_BIT_CONVERSION = YES;
				GCC_WARN_ABOUT_RETURN_TYPE = YES_ERROR;
				GCC_WARN_UNDECLARED_SELECTOR = YES;
				GCC_WARN_UNINITIALIZED_AUTOS = YES_AGGRESSIVE;
				GCC_WARN_UNUSED_FUNCTION = YES;
				GCC_WARN_UNUSED_VARIABLE = YES;
				MACOSX_DEPLOYMENT_TARGET = 10.14;
				MTL_ENABLE_DEBUG_INFO = INCLUDE_SOURCE;
				MTL_FAST_MATH = YES;
				ONLY_ACTIVE_ARCH = YES;
				SDKROOT = macosx;
			};
			name = Debug;
		};
		94D152D3221D9024006DAECB /* Release */ = {
			isa = XCBuildConfiguration;
			buildSettings = {
				ALWAYS_SEARCH_USER_PATHS = NO;
				CLANG_ANALYZER_NONNULL = YES;
				CLANG_ANALYZER_NUMBER_OBJECT_CONVERSION = YES_AGGRESSIVE;
				CLANG_CXX_LANGUAGE_STANDARD = "gnu++14";
				CLANG_CXX_LIBRARY = "libc++";
				CLANG_ENABLE_MODULES = YES;
				CLANG_ENABLE_OBJC_ARC = YES;
				CLANG_ENABLE_OBJC_WEAK = YES;
				CLANG_WARN_BLOCK_CAPTURE_AUTORELEASING = YES;
				CLANG_WARN_BOOL_CONVERSION = YES;
				CLANG_WARN_COMMA = YES;
				CLANG_WARN_CONSTANT_CONVERSION = YES;
				CLANG_WARN_DEPRECATED_OBJC_IMPLEMENTATIONS = YES;
				CLANG_WARN_DIRECT_OBJC_ISA_USAGE = YES_ERROR;
				CLANG_WARN_DOCUMENTATION_COMMENTS = YES;
				CLANG_WARN_EMPTY_BODY = YES;
				CLANG_WARN_ENUM_CONVERSION = YES;
				CLANG_WARN_INFINITE_RECURSION = YES;
				CLANG_WARN_INT_CONVERSION = YES;
				CLANG_WARN_NON_LITERAL_NULL_CONVERSION = YES;
				CLANG_WARN_OBJC_IMPLICIT_RETAIN_SELF = YES;
				CLANG_WARN_OBJC_LITERAL_CONVERSION = YES;
				CLANG_WARN_OBJC_ROOT_CLASS = YES_ERROR;
				CLANG_WARN_RANGE_LOOP_ANALYSIS = YES;
				CLANG_WARN_STRICT_PROTOTYPES = YES;
				CLANG_WARN_SUSPICIOUS_MOVE = YES;
				CLANG_WARN_UNGUARDED_AVAILABILITY = YES_AGGRESSIVE;
				CLANG_WARN_UNREACHABLE_CODE = YES;
				CLANG_WARN__DUPLICATE_METHOD_MATCH = YES;
				CODE_SIGN_IDENTITY = "-";
				COPY_PHASE_STRIP = NO;
				DEBUG_INFORMATION_FORMAT = "dwarf-with-dsym";
				ENABLE_NS_ASSERTIONS = NO;
				ENABLE_STRICT_OBJC_MSGSEND = YES;
				GCC_C_LANGUAGE_STANDARD = gnu11;
				GCC_NO_COMMON_BLOCKS = YES;
				GCC_WARN_64_TO_32_BIT_CONVERSION = YES;
				GCC_WARN_ABOUT_RETURN_TYPE = YES_ERROR;
				GCC_WARN_UNDECLARED_SELECTOR = YES;
				GCC_WARN_UNINITIALIZED_AUTOS = YES_AGGRESSIVE;
				GCC_WARN_UNUSED_FUNCTION = YES;
				GCC_WARN_UNUSED_VARIABLE = YES;
				MACOSX_DEPLOYMENT_TARGET = 10.14;
				MTL_ENABLE_DEBUG_INFO = NO;
				MTL_FAST_MATH = YES;
				SDKROOT = macosx;
			};
			name = Release;
		};
		94D152D5221D9024006DAECB /* Debug */ = {
			isa = XCBuildConfiguration;
			buildSettings = {
				CODE_SIGN_STYLE = Automatic;
				PRODUCT_NAME = "$(TARGET_NAME)";
			};
			name = Debug;
		};
		94D152D6221D9024006DAECB /* Release */ = {
			isa = XCBuildConfiguration;
			buildSettings = {
				CODE_SIGN_STYLE = Automatic;
				PRODUCT_NAME = "$(TARGET_NAME)";
			};
			name = Release;
		};
/* End XCBuildConfiguration section */

/* Begin XCConfigurationList section */
		94D152C8221D9024006DAECB /* Build configuration list for PBXProject "COSIG_GW1_1150434_1150625" */ = {
			isa = XCConfigurationList;
			buildConfigurations = (
				94D152D2221D9024006DAECB /* Debug */,
				94D152D3221D9024006DAECB /* Release */,
			);
			defaultConfigurationIsVisible = 0;
			defaultConfigurationName = Release;
		};
		94D152D4221D9024006DAECB /* Build configuration list for PBXNativeTarget "COSIG_GW1_1150434_1150625" */ = {
			isa = XCConfigurationList;
			buildConfigurations = (
				94D152D5221D9024006DAECB /* Debug */,
				94D152D6221D9024006DAECB /* Release */,
			);
			defaultConfigurationIsVisible = 0;
			defaultConfigurationName = Release;
		};
/* End XCConfigurationList section */
	};
	rootObject = 94D152C5221D9024006DAECB /* Project object */;
}
